// !$*UTF8*$!
{
	archiveVersion = 1;
	classes = {
	};
	objectVersion = 55;
	objects = {

/* Begin PBXBuildFile section */
		2E119D94287E9FE400B52CD2 /* DummyGameEngine.swift in Sources */ = {isa = PBXBuildFile; fileRef = 2E119D93287E9FE400B52CD2 /* DummyGameEngine.swift */; };
		2E4D0C2B2894EFBA002027B5 /* GameEngineDelegatingTests.swift in Sources */ = {isa = PBXBuildFile; fileRef = 2E4D0C2A2894EFBA002027B5 /* GameEngineDelegatingTests.swift */; };
		2E7602052882C7BA00F45FD0 /* GameEngineTests.swift in Sources */ = {isa = PBXBuildFile; fileRef = 2E7602042882C7BA00F45FD0 /* GameEngineTests.swift */; };
		2E7982A228A62BB600F10D91 /* XCTestCase+MemoryLeakTracking.swift in Sources */ = {isa = PBXBuildFile; fileRef = 2E7982A128A62BB600F10D91 /* XCTestCase+MemoryLeakTracking.swift */; };
		3C0649E3284224620039710D /* Robowars.framework in Frameworks */ = {isa = PBXBuildFile; fileRef = 3C0649DA284224620039710D /* Robowars.framework */; };
		3C0649E9284224620039710D /* Robowars.h in Headers */ = {isa = PBXBuildFile; fileRef = 3C0649DD284224620039710D /* Robowars.h */; settings = {ATTRIBUTES = (Public, ); }; };
		3C0649F3284224A80039710D /* GameInteractorStartTests.swift in Sources */ = {isa = PBXBuildFile; fileRef = 3C0649F2284224A80039710D /* GameInteractorStartTests.swift */; };
		3C0649F52842315C0039710D /* Robot.swift in Sources */ = {isa = PBXBuildFile; fileRef = 3C0649F42842315C0039710D /* Robot.swift */; };
		3C0649F7284231A70039710D /* GameMode.swift in Sources */ = {isa = PBXBuildFile; fileRef = 3C0649F6284231A70039710D /* GameMode.swift */; };
		3C0649F9284231F20039710D /* GameEngine.swift in Sources */ = {isa = PBXBuildFile; fileRef = 3C0649F8284231F20039710D /* GameEngine.swift */; };
		3C0649FB284232390039710D /* GameInteractor.swift in Sources */ = {isa = PBXBuildFile; fileRef = 3C0649FA284232390039710D /* GameInteractor.swift */; };
		3C6ED03A285E0A3300A61E09 /* DummyShipsValidator.swift in Sources */ = {isa = PBXBuildFile; fileRef = 3C6ED039285E0A3300A61E09 /* DummyShipsValidator.swift */; };
		3C7F1B302850940800948F2D /* ShipsArrangementValidatorTests.swift in Sources */ = {isa = PBXBuildFile; fileRef = 3C7F1B2F2850940800948F2D /* ShipsArrangementValidatorTests.swift */; };
		3C8F0AC22850B4A4007EAB70 /* ShipsArrangementValidator.swift in Sources */ = {isa = PBXBuildFile; fileRef = 3C8F0AC12850B4A4007EAB70 /* ShipsArrangementValidator.swift */; };
		3CB69C62285B9AF700AD21F3 /* ShipsValidator.swift in Sources */ = {isa = PBXBuildFile; fileRef = 3CB69C61285B9AF700AD21F3 /* ShipsValidator.swift */; };
		3CCFE080284BC93C0007153B /* DummyRobot.swift in Sources */ = {isa = PBXBuildFile; fileRef = 3CCFE07F284BC93C0007153B /* DummyRobot.swift */; };
		3CE07CE22847C21000ED3CFB /* GameInteractorIsReadyTests.swift in Sources */ = {isa = PBXBuildFile; fileRef = 3CE07CE12847C21000ED3CFB /* GameInteractorIsReadyTests.swift */; };
/* End PBXBuildFile section */

/* Begin PBXContainerItemProxy section */
		3C0649E4284224620039710D /* PBXContainerItemProxy */ = {
			isa = PBXContainerItemProxy;
			containerPortal = 3C0649D1284224610039710D /* Project object */;
			proxyType = 1;
			remoteGlobalIDString = 3C0649D9284224610039710D;
			remoteInfo = Robowars;
		};
/* End PBXContainerItemProxy section */

/* Begin PBXFileReference section */
		2E119D93287E9FE400B52CD2 /* DummyGameEngine.swift */ = {isa = PBXFileReference; lastKnownFileType = sourcecode.swift; path = DummyGameEngine.swift; sourceTree = "<group>"; };
		2E4D0C2A2894EFBA002027B5 /* GameEngineDelegatingTests.swift */ = {isa = PBXFileReference; lastKnownFileType = sourcecode.swift; path = GameEngineDelegatingTests.swift; sourceTree = "<group>"; };
		2E7602042882C7BA00F45FD0 /* GameEngineTests.swift */ = {isa = PBXFileReference; lastKnownFileType = sourcecode.swift; path = GameEngineTests.swift; sourceTree = "<group>"; };
		2E7982A128A62BB600F10D91 /* XCTestCase+MemoryLeakTracking.swift */ = {isa = PBXFileReference; lastKnownFileType = sourcecode.swift; path = "XCTestCase+MemoryLeakTracking.swift"; sourceTree = "<group>"; };
		3C0649DA284224620039710D /* Robowars.framework */ = {isa = PBXFileReference; explicitFileType = wrapper.framework; includeInIndex = 0; path = Robowars.framework; sourceTree = BUILT_PRODUCTS_DIR; };
		3C0649DD284224620039710D /* Robowars.h */ = {isa = PBXFileReference; lastKnownFileType = sourcecode.c.h; path = Robowars.h; sourceTree = "<group>"; };
		3C0649E2284224620039710D /* RobowarsTests.xctest */ = {isa = PBXFileReference; explicitFileType = wrapper.cfbundle; includeInIndex = 0; path = RobowarsTests.xctest; sourceTree = BUILT_PRODUCTS_DIR; };
		3C0649F2284224A80039710D /* GameInteractorStartTests.swift */ = {isa = PBXFileReference; lastKnownFileType = sourcecode.swift; path = GameInteractorStartTests.swift; sourceTree = "<group>"; };
		3C0649F42842315C0039710D /* Robot.swift */ = {isa = PBXFileReference; lastKnownFileType = sourcecode.swift; path = Robot.swift; sourceTree = "<group>"; };
		3C0649F6284231A70039710D /* GameMode.swift */ = {isa = PBXFileReference; lastKnownFileType = sourcecode.swift; path = GameMode.swift; sourceTree = "<group>"; };
		3C0649F8284231F20039710D /* GameEngine.swift */ = {isa = PBXFileReference; lastKnownFileType = sourcecode.swift; path = GameEngine.swift; sourceTree = "<group>"; };
		3C0649FA284232390039710D /* GameInteractor.swift */ = {isa = PBXFileReference; lastKnownFileType = sourcecode.swift; path = GameInteractor.swift; sourceTree = "<group>"; };
		3C6ED039285E0A3300A61E09 /* DummyShipsValidator.swift */ = {isa = PBXFileReference; lastKnownFileType = sourcecode.swift; path = DummyShipsValidator.swift; sourceTree = "<group>"; };
		3C7F1B2F2850940800948F2D /* ShipsArrangementValidatorTests.swift */ = {isa = PBXFileReference; lastKnownFileType = sourcecode.swift; path = ShipsArrangementValidatorTests.swift; sourceTree = "<group>"; };
		3C8F0AC12850B4A4007EAB70 /* ShipsArrangementValidator.swift */ = {isa = PBXFileReference; lastKnownFileType = sourcecode.swift; path = ShipsArrangementValidator.swift; sourceTree = "<group>"; };
		3CB69C61285B9AF700AD21F3 /* ShipsValidator.swift */ = {isa = PBXFileReference; lastKnownFileType = sourcecode.swift; path = ShipsValidator.swift; sourceTree = "<group>"; };
		3CCFE07F284BC93C0007153B /* DummyRobot.swift */ = {isa = PBXFileReference; lastKnownFileType = sourcecode.swift; path = DummyRobot.swift; sourceTree = "<group>"; };
		3CE07CE12847C21000ED3CFB /* GameInteractorIsReadyTests.swift */ = {isa = PBXFileReference; lastKnownFileType = sourcecode.swift; path = GameInteractorIsReadyTests.swift; sourceTree = "<group>"; };
/* End PBXFileReference section */

/* Begin PBXFrameworksBuildPhase section */
		3C0649D7284224610039710D /* Frameworks */ = {
			isa = PBXFrameworksBuildPhase;
			buildActionMask = 2147483647;
			files = (
			);
			runOnlyForDeploymentPostprocessing = 0;
		};
		3C0649DF284224620039710D /* Frameworks */ = {
			isa = PBXFrameworksBuildPhase;
			buildActionMask = 2147483647;
			files = (
				3C0649E3284224620039710D /* Robowars.framework in Frameworks */,
			);
			runOnlyForDeploymentPostprocessing = 0;
		};
/* End PBXFrameworksBuildPhase section */

/* Begin PBXGroup section */
		3C0649D0284224610039710D = {
			isa = PBXGroup;
			children = (
				3C0649DC284224620039710D /* Robowars */,
				3C0649E6284224620039710D /* RobowarsTests */,
				3C0649DB284224620039710D /* Products */,
			);
			sourceTree = "<group>";
		};
		3C0649DB284224620039710D /* Products */ = {
			isa = PBXGroup;
			children = (
				3C0649DA284224620039710D /* Robowars.framework */,
				3C0649E2284224620039710D /* RobowarsTests.xctest */,
			);
			name = Products;
			sourceTree = "<group>";
		};
		3C0649DC284224620039710D /* Robowars */ = {
			isa = PBXGroup;
			children = (
				3C0649DD284224620039710D /* Robowars.h */,
				3C0649F42842315C0039710D /* Robot.swift */,
				3C0649F6284231A70039710D /* GameMode.swift */,
				3C0649F8284231F20039710D /* GameEngine.swift */,
				3C0649FA284232390039710D /* GameInteractor.swift */,
				3C8F0AC12850B4A4007EAB70 /* ShipsArrangementValidator.swift */,
				3CB69C61285B9AF700AD21F3 /* ShipsValidator.swift */,
			);
			path = Robowars;
			sourceTree = "<group>";
		};
		3C0649E6284224620039710D /* RobowarsTests */ = {
			isa = PBXGroup;
			children = (
				3CCFE081284BC98B0007153B /* Helpers */,
				3C0649F2284224A80039710D /* GameInteractorStartTests.swift */,
				3CE07CE12847C21000ED3CFB /* GameInteractorIsReadyTests.swift */,
				3C7F1B2F2850940800948F2D /* ShipsArrangementValidatorTests.swift */,
				2E7602042882C7BA00F45FD0 /* GameEngineTests.swift */,
				2E4D0C2A2894EFBA002027B5 /* GameEngineDelegatingTests.swift */,
			);
			path = RobowarsTests;
			sourceTree = "<group>";
		};
		3CCFE081284BC98B0007153B /* Helpers */ = {
			isa = PBXGroup;
			children = (
				3CCFE07F284BC93C0007153B /* DummyRobot.swift */,
				3C6ED039285E0A3300A61E09 /* DummyShipsValidator.swift */,
				2E119D93287E9FE400B52CD2 /* DummyGameEngine.swift */,
				2E7982A128A62BB600F10D91 /* XCTestCase+MemoryLeakTracking.swift */,
			);
			path = Helpers;
			sourceTree = "<group>";
		};
/* End PBXGroup section */

/* Begin PBXHeadersBuildPhase section */
		3C0649D5284224610039710D /* Headers */ = {
			isa = PBXHeadersBuildPhase;
			buildActionMask = 2147483647;
			files = (
				3C0649E9284224620039710D /* Robowars.h in Headers */,
			);
			runOnlyForDeploymentPostprocessing = 0;
		};
/* End PBXHeadersBuildPhase section */

/* Begin PBXNativeTarget section */
		3C0649D9284224610039710D /* Robowars */ = {
			isa = PBXNativeTarget;
			buildConfigurationList = 3C0649EC284224620039710D /* Build configuration list for PBXNativeTarget "Robowars" */;
			buildPhases = (
				3C0649D5284224610039710D /* Headers */,
				3C0649D6284224610039710D /* Sources */,
				3C0649D7284224610039710D /* Frameworks */,
				3C0649D8284224610039710D /* Resources */,
			);
			buildRules = (
			);
			dependencies = (
			);
			name = Robowars;
			productName = Robowars;
			productReference = 3C0649DA284224620039710D /* Robowars.framework */;
			productType = "com.apple.product-type.framework";
		};
		3C0649E1284224620039710D /* RobowarsTests */ = {
			isa = PBXNativeTarget;
			buildConfigurationList = 3C0649EF284224620039710D /* Build configuration list for PBXNativeTarget "RobowarsTests" */;
			buildPhases = (
				3C0649DE284224620039710D /* Sources */,
				3C0649DF284224620039710D /* Frameworks */,
				3C0649E0284224620039710D /* Resources */,
			);
			buildRules = (
			);
			dependencies = (
				3C0649E5284224620039710D /* PBXTargetDependency */,
			);
			name = RobowarsTests;
			productName = RobowarsTests;
			productReference = 3C0649E2284224620039710D /* RobowarsTests.xctest */;
			productType = "com.apple.product-type.bundle.unit-test";
		};
/* End PBXNativeTarget section */

/* Begin PBXProject section */
		3C0649D1284224610039710D /* Project object */ = {
			isa = PBXProject;
			attributes = {
				BuildIndependentTargetsInParallel = 1;
				LastSwiftUpdateCheck = 1340;
				LastUpgradeCheck = 1340;
				TargetAttributes = {
					3C0649D9284224610039710D = {
						CreatedOnToolsVersion = 13.4;
						LastSwiftMigration = 1340;
					};
					3C0649E1284224620039710D = {
						CreatedOnToolsVersion = 13.4;
						LastSwiftMigration = 1340;
					};
				};
			};
			buildConfigurationList = 3C0649D4284224610039710D /* Build configuration list for PBXProject "Robowars" */;
			compatibilityVersion = "Xcode 13.0";
			developmentRegion = en;
			hasScannedForEncodings = 0;
			knownRegions = (
				en,
				Base,
			);
			mainGroup = 3C0649D0284224610039710D;
			productRefGroup = 3C0649DB284224620039710D /* Products */;
			projectDirPath = "";
			projectRoot = "";
			targets = (
				3C0649D9284224610039710D /* Robowars */,
				3C0649E1284224620039710D /* RobowarsTests */,
			);
		};
/* End PBXProject section */

/* Begin PBXResourcesBuildPhase section */
		3C0649D8284224610039710D /* Resources */ = {
			isa = PBXResourcesBuildPhase;
			buildActionMask = 2147483647;
			files = (
			);
			runOnlyForDeploymentPostprocessing = 0;
		};
		3C0649E0284224620039710D /* Resources */ = {
			isa = PBXResourcesBuildPhase;
			buildActionMask = 2147483647;
			files = (
			);
			runOnlyForDeploymentPostprocessing = 0;
		};
/* End PBXResourcesBuildPhase section */

/* Begin PBXSourcesBuildPhase section */
		3C0649D6284224610039710D /* Sources */ = {
			isa = PBXSourcesBuildPhase;
			buildActionMask = 2147483647;
			files = (
				3C0649FB284232390039710D /* GameInteractor.swift in Sources */,
				3C8F0AC22850B4A4007EAB70 /* ShipsArrangementValidator.swift in Sources */,
				3CB69C62285B9AF700AD21F3 /* ShipsValidator.swift in Sources */,
				3C0649F7284231A70039710D /* GameMode.swift in Sources */,
				3C0649F9284231F20039710D /* GameEngine.swift in Sources */,
				3C0649F52842315C0039710D /* Robot.swift in Sources */,
			);
			runOnlyForDeploymentPostprocessing = 0;
		};
		3C0649DE284224620039710D /* Sources */ = {
			isa = PBXSourcesBuildPhase;
			buildActionMask = 2147483647;
			files = (
				3CE07CE22847C21000ED3CFB /* GameInteractorIsReadyTests.swift in Sources */,
				2E4D0C2B2894EFBA002027B5 /* GameEngineDelegatingTests.swift in Sources */,
				2E7982A228A62BB600F10D91 /* XCTestCase+MemoryLeakTracking.swift in Sources */,
				3C6ED03A285E0A3300A61E09 /* DummyShipsValidator.swift in Sources */,
				3CCFE080284BC93C0007153B /* DummyRobot.swift in Sources */,
				2E7602052882C7BA00F45FD0 /* GameEngineTests.swift in Sources */,
				3C0649F3284224A80039710D /* GameInteractorStartTests.swift in Sources */,
				2E119D94287E9FE400B52CD2 /* DummyGameEngine.swift in Sources */,
				3C7F1B302850940800948F2D /* ShipsArrangementValidatorTests.swift in Sources */,
			);
			runOnlyForDeploymentPostprocessing = 0;
		};
/* End PBXSourcesBuildPhase section */

/* Begin PBXTargetDependency section */
		3C0649E5284224620039710D /* PBXTargetDependency */ = {
			isa = PBXTargetDependency;
			target = 3C0649D9284224610039710D /* Robowars */;
			targetProxy = 3C0649E4284224620039710D /* PBXContainerItemProxy */;
		};
/* End PBXTargetDependency section */

/* Begin XCBuildConfiguration section */
		3C0649EA284224620039710D /* Debug */ = {
			isa = XCBuildConfiguration;
			buildSettings = {
				ALWAYS_SEARCH_USER_PATHS = NO;
				CLANG_ANALYZER_NONNULL = YES;
				CLANG_ANALYZER_NUMBER_OBJECT_CONVERSION = YES_AGGRESSIVE;
				CLANG_CXX_LANGUAGE_STANDARD = "gnu++17";
				CLANG_ENABLE_MODULES = YES;
				CLANG_ENABLE_OBJC_ARC = YES;
				CLANG_ENABLE_OBJC_WEAK = YES;
				CLANG_WARN_BLOCK_CAPTURE_AUTORELEASING = YES;
				CLANG_WARN_BOOL_CONVERSION = YES;
				CLANG_WARN_COMMA = YES;
				CLANG_WARN_CONSTANT_CONVERSION = YES;
				CLANG_WARN_DEPRECATED_OBJC_IMPLEMENTATIONS = YES;
				CLANG_WARN_DIRECT_OBJC_ISA_USAGE = YES_ERROR;
				CLANG_WARN_DOCUMENTATION_COMMENTS = YES;
				CLANG_WARN_EMPTY_BODY = YES;
				CLANG_WARN_ENUM_CONVERSION = YES;
				CLANG_WARN_INFINITE_RECURSION = YES;
				CLANG_WARN_INT_CONVERSION = YES;
				CLANG_WARN_NON_LITERAL_NULL_CONVERSION = YES;
				CLANG_WARN_OBJC_IMPLICIT_RETAIN_SELF = YES;
				CLANG_WARN_OBJC_LITERAL_CONVERSION = YES;
				CLANG_WARN_OBJC_ROOT_CLASS = YES_ERROR;
				CLANG_WARN_QUOTED_INCLUDE_IN_FRAMEWORK_HEADER = YES;
				CLANG_WARN_RANGE_LOOP_ANALYSIS = YES;
				CLANG_WARN_STRICT_PROTOTYPES = YES;
				CLANG_WARN_SUSPICIOUS_MOVE = YES;
				CLANG_WARN_UNGUARDED_AVAILABILITY = YES_AGGRESSIVE;
				CLANG_WARN_UNREACHABLE_CODE = YES;
				CLANG_WARN__DUPLICATE_METHOD_MATCH = YES;
				COPY_PHASE_STRIP = NO;
				CURRENT_PROJECT_VERSION = 1;
				DEBUG_INFORMATION_FORMAT = dwarf;
				ENABLE_STRICT_OBJC_MSGSEND = YES;
				ENABLE_TESTABILITY = YES;
				GCC_C_LANGUAGE_STANDARD = gnu11;
				GCC_DYNAMIC_NO_PIC = NO;
				GCC_NO_COMMON_BLOCKS = YES;
				GCC_OPTIMIZATION_LEVEL = 0;
				GCC_PREPROCESSOR_DEFINITIONS = (
					"DEBUG=1",
					"$(inherited)",
				);
				GCC_WARN_64_TO_32_BIT_CONVERSION = YES;
				GCC_WARN_ABOUT_RETURN_TYPE = YES_ERROR;
				GCC_WARN_UNDECLARED_SELECTOR = YES;
				GCC_WARN_UNINITIALIZED_AUTOS = YES_AGGRESSIVE;
				GCC_WARN_UNUSED_FUNCTION = YES;
				GCC_WARN_UNUSED_VARIABLE = YES;
				MACOSX_DEPLOYMENT_TARGET = 12.3;
				MTL_ENABLE_DEBUG_INFO = INCLUDE_SOURCE;
				MTL_FAST_MATH = YES;
				ONLY_ACTIVE_ARCH = YES;
				SDKROOT = macosx;
				SWIFT_ACTIVE_COMPILATION_CONDITIONS = DEBUG;
				SWIFT_OPTIMIZATION_LEVEL = "-Onone";
				VERSIONING_SYSTEM = "apple-generic";
				VERSION_INFO_PREFIX = "";
			};
			name = Debug;
		};
		3C0649EB284224620039710D /* Release */ = {
			isa = XCBuildConfiguration;
			buildSettings = {
				ALWAYS_SEARCH_USER_PATHS = NO;
				CLANG_ANALYZER_NONNULL = YES;
				CLANG_ANALYZER_NUMBER_OBJECT_CONVERSION = YES_AGGRESSIVE;
				CLANG_CXX_LANGUAGE_STANDARD = "gnu++17";
				CLANG_ENABLE_MODULES = YES;
				CLANG_ENABLE_OBJC_ARC = YES;
				CLANG_ENABLE_OBJC_WEAK = YES;
				CLANG_WARN_BLOCK_CAPTURE_AUTORELEASING = YES;
				CLANG_WARN_BOOL_CONVERSION = YES;
				CLANG_WARN_COMMA = YES;
				CLANG_WARN_CONSTANT_CONVERSION = YES;
				CLANG_WARN_DEPRECATED_OBJC_IMPLEMENTATIONS = YES;
				CLANG_WARN_DIRECT_OBJC_ISA_USAGE = YES_ERROR;
				CLANG_WARN_DOCUMENTATION_COMMENTS = YES;
				CLANG_WARN_EMPTY_BODY = YES;
				CLANG_WARN_ENUM_CONVERSION = YES;
				CLANG_WARN_INFINITE_RECURSION = YES;
				CLANG_WARN_INT_CONVERSION = YES;
				CLANG_WARN_NON_LITERAL_NULL_CONVERSION = YES;
				CLANG_WARN_OBJC_IMPLICIT_RETAIN_SELF = YES;
				CLANG_WARN_OBJC_LITERAL_CONVERSION = YES;
				CLANG_WARN_OBJC_ROOT_CLASS = YES_ERROR;
				CLANG_WARN_QUOTED_INCLUDE_IN_FRAMEWORK_HEADER = YES;
				CLANG_WARN_RANGE_LOOP_ANALYSIS = YES;
				CLANG_WARN_STRICT_PROTOTYPES = YES;
				CLANG_WARN_SUSPICIOUS_MOVE = YES;
				CLANG_WARN_UNGUARDED_AVAILABILITY = YES_AGGRESSIVE;
				CLANG_WARN_UNREACHABLE_CODE = YES;
				CLANG_WARN__DUPLICATE_METHOD_MATCH = YES;
				COPY_PHASE_STRIP = NO;
				CURRENT_PROJECT_VERSION = 1;
				DEBUG_INFORMATION_FORMAT = "dwarf-with-dsym";
				ENABLE_NS_ASSERTIONS = NO;
				ENABLE_STRICT_OBJC_MSGSEND = YES;
				GCC_C_LANGUAGE_STANDARD = gnu11;
				GCC_NO_COMMON_BLOCKS = YES;
				GCC_WARN_64_TO_32_BIT_CONVERSION = YES;
				GCC_WARN_ABOUT_RETURN_TYPE = YES_ERROR;
				GCC_WARN_UNDECLARED_SELECTOR = YES;
				GCC_WARN_UNINITIALIZED_AUTOS = YES_AGGRESSIVE;
				GCC_WARN_UNUSED_FUNCTION = YES;
				GCC_WARN_UNUSED_VARIABLE = YES;
				MACOSX_DEPLOYMENT_TARGET = 12.3;
				MTL_ENABLE_DEBUG_INFO = NO;
				MTL_FAST_MATH = YES;
				SDKROOT = macosx;
				SWIFT_COMPILATION_MODE = wholemodule;
				SWIFT_OPTIMIZATION_LEVEL = "-O";
				VERSIONING_SYSTEM = "apple-generic";
				VERSION_INFO_PREFIX = "";
			};
			name = Release;
		};
		3C0649ED284224620039710D /* Debug */ = {
			isa = XCBuildConfiguration;
			buildSettings = {
				CLANG_ENABLE_MODULES = YES;
				CODE_SIGN_STYLE = Automatic;
				COMBINE_HIDPI_IMAGES = YES;
				CURRENT_PROJECT_VERSION = 1;
				DEFINES_MODULE = YES;
				DEVELOPMENT_TEAM = 8U849676MP;
				DYLIB_COMPATIBILITY_VERSION = 1;
				DYLIB_CURRENT_VERSION = 1;
				DYLIB_INSTALL_NAME_BASE = "@rpath";
				GENERATE_INFOPLIST_FILE = YES;
				INFOPLIST_KEY_NSHumanReadableCopyright = "";
				INSTALL_PATH = "$(LOCAL_LIBRARY_DIR)/Frameworks";
				LD_RUNPATH_SEARCH_PATHS = (
					"$(inherited)",
					"@executable_path/../Frameworks",
					"@loader_path/Frameworks",
				);
				MARKETING_VERSION = 1.0;
				PRODUCT_BUNDLE_IDENTIFIER = com.volodymyroniuk.Robowars;
				PRODUCT_NAME = "$(TARGET_NAME:c99extidentifier)";
				SKIP_INSTALL = YES;
				SWIFT_EMIT_LOC_STRINGS = YES;
				SWIFT_OPTIMIZATION_LEVEL = "-Onone";
				SWIFT_VERSION = 5.0;
			};
			name = Debug;
		};
		3C0649EE284224620039710D /* Release */ = {
			isa = XCBuildConfiguration;
			buildSettings = {
				CLANG_ENABLE_MODULES = YES;
				CODE_SIGN_STYLE = Automatic;
				COMBINE_HIDPI_IMAGES = YES;
				CURRENT_PROJECT_VERSION = 1;
				DEFINES_MODULE = YES;
				DEVELOPMENT_TEAM = 8U849676MP;
				DYLIB_COMPATIBILITY_VERSION = 1;
				DYLIB_CURRENT_VERSION = 1;
				DYLIB_INSTALL_NAME_BASE = "@rpath";
				GENERATE_INFOPLIST_FILE = YES;
				INFOPLIST_KEY_NSHumanReadableCopyright = "";
				INSTALL_PATH = "$(LOCAL_LIBRARY_DIR)/Frameworks";
				LD_RUNPATH_SEARCH_PATHS = (
					"$(inherited)",
					"@executable_path/../Frameworks",
					"@loader_path/Frameworks",
				);
				MARKETING_VERSION = 1.0;
				PRODUCT_BUNDLE_IDENTIFIER = com.volodymyroniuk.Robowars;
				PRODUCT_NAME = "$(TARGET_NAME:c99extidentifier)";
				SKIP_INSTALL = YES;
				SWIFT_EMIT_LOC_STRINGS = YES;
				SWIFT_VERSION = 5.0;
			};
			name = Release;
		};
		3C0649F0284224620039710D /* Debug */ = {
			isa = XCBuildConfiguration;
			buildSettings = {
				ALWAYS_EMBED_SWIFT_STANDARD_LIBRARIES = YES;
				CLANG_ENABLE_MODULES = YES;
				CODE_SIGN_STYLE = Automatic;
				CURRENT_PROJECT_VERSION = 1;
				DEVELOPMENT_TEAM = 8U849676MP;
				GENERATE_INFOPLIST_FILE = YES;
				LD_RUNPATH_SEARCH_PATHS = (
					"$(inherited)",
					"@executable_path/../Frameworks",
					"@loader_path/../Frameworks",
				);
				MARKETING_VERSION = 1.0;
				PRODUCT_BUNDLE_IDENTIFIER = com.volodymyroniuk.RobowarsTests;
				PRODUCT_NAME = "$(TARGET_NAME)";
				SWIFT_EMIT_LOC_STRINGS = NO;
				SWIFT_OPTIMIZATION_LEVEL = "-Onone";
				SWIFT_VERSION = 5.0;
			};
			name = Debug;
		};
		3C0649F1284224620039710D /* Release */ = {
			isa = XCBuildConfiguration;
			buildSettings = {
				ALWAYS_EMBED_SWIFT_STANDARD_LIBRARIES = YES;
				CLANG_ENABLE_MODULES = YES;
				CODE_SIGN_STYLE = Automatic;
				CURRENT_PROJECT_VERSION = 1;
				DEVELOPMENT_TEAM = 8U849676MP;
				GENERATE_INFOPLIST_FILE = YES;
				LD_RUNPATH_SEARCH_PATHS = (
					"$(inherited)",
					"@executable_path/../Frameworks",
					"@loader_path/../Frameworks",
				);
				MARKETING_VERSION = 1.0;
				PRODUCT_BUNDLE_IDENTIFIER = com.volodymyroniuk.RobowarsTests;
				PRODUCT_NAME = "$(TARGET_NAME)";
				SWIFT_EMIT_LOC_STRINGS = NO;
				SWIFT_VERSION = 5.0;
			};
			name = Release;
		};
/* End XCBuildConfiguration section */

/* Begin XCConfigurationList section */
		3C0649D4284224610039710D /* Build configuration list for PBXProject "Robowars" */ = {
			isa = XCConfigurationList;
			buildConfigurations = (
				3C0649EA284224620039710D /* Debug */,
				3C0649EB284224620039710D /* Release */,
			);
			defaultConfigurationIsVisible = 0;
			defaultConfigurationName = Release;
		};
		3C0649EC284224620039710D /* Build configuration list for PBXNativeTarget "Robowars" */ = {
			isa = XCConfigurationList;
			buildConfigurations = (
				3C0649ED284224620039710D /* Debug */,
				3C0649EE284224620039710D /* Release */,
			);
			defaultConfigurationIsVisible = 0;
			defaultConfigurationName = Release;
		};
		3C0649EF284224620039710D /* Build configuration list for PBXNativeTarget "RobowarsTests" */ = {
			isa = XCConfigurationList;
			buildConfigurations = (
				3C0649F0284224620039710D /* Debug */,
				3C0649F1284224620039710D /* Release */,
			);
			defaultConfigurationIsVisible = 0;
			defaultConfigurationName = Release;
		};
/* End XCConfigurationList section */
	};
	rootObject = 3C0649D1284224610039710D /* Project object */;
}
